{
  "name": "monaco-editor-elm",
  "version": "1.0.0",
  "lockfileVersion": 1,
  "requires": true,
  "dependencies": {
    "codemirror": {
      "version": "5.32.0",
      "resolved": "https://registry.npmjs.org/codemirror/-/codemirror-5.32.0.tgz",
      "integrity": "sha512-95OxAlYiigW0g4n4ixFdavG07clJGILp3MvHh2pKR3FvyrTuHHvqtKSVbrV3/Jz6o0YqGvyCDLDTbH4h6ciaSw=="
    }
  }
}
